
Microsoft Visual Studio Solution File, Format Version 12.00
# Visual Studio 15
VisualStudioVersion = 15.0.27428.2015
MinimumVisualStudioVersion = 10.0.40219.1
Project("{9A19103F-16F7-4668-BE54-9A1E7A4F7556}") = "ProjectManager", "ProjectManager\ProjectManager.csproj", "{314886A4-AD35-40C4-BC68-4239B90F2A54}"
EndProject
Project("{FAE04EC0-301F-11D3-BF4B-00C04F79EFBC}") = "ProjectManagerTests", "ProjectManagerTests\ProjectManagerTests.csproj", "{09E2B9D4-B845-4029-9944-8D65CCB87F9D}"
EndProject
Global
	GlobalSection(SolutionConfigurationPlatforms) = preSolution
		Debug|Any CPU = Debug|Any CPU
		Release|Any CPU = Release|Any CPU
	EndGlobalSection
	GlobalSection(ProjectConfigurationPlatforms) = postSolution
		{314886A4-AD35-40C4-BC68-4239B90F2A54}.Debug|Any CPU.ActiveCfg = Debug|Any CPU
		{314886A4-AD35-40C4-BC68-4239B90F2A54}.Debug|Any CPU.Build.0 = Debug|Any CPU
		{314886A4-AD35-40C4-BC68-4239B90F2A54}.Release|Any CPU.ActiveCfg = Release|Any CPU
		{314886A4-AD35-40C4-BC68-4239B90F2A54}.Release|Any CPU.Build.0 = Release|Any CPU
		{09E2B9D4-B845-4029-9944-8D65CCB87F9D}.Debug|Any CPU.ActiveCfg = Debug|Any CPU
		{09E2B9D4-B845-4029-9944-8D65CCB87F9D}.Debug|Any CPU.Build.0 = Debug|Any CPU
		{09E2B9D4-B845-4029-9944-8D65CCB87F9D}.Release|Any CPU.ActiveCfg = Release|Any CPU
		{09E2B9D4-B845-4029-9944-8D65CCB87F9D}.Release|Any CPU.Build.0 = Release|Any CPU
	EndGlobalSection
	GlobalSection(SolutionProperties) = preSolution
		HideSolutionNode = FALSE
	EndGlobalSection
	GlobalSection(ExtensibilityGlobals) = postSolution
		SolutionGuid = {74BCE7E3-051C-40C6-9E31-36631D0B93BE}
	EndGlobalSection
EndGlobal
